
Microsoft Visual Studio Solution File, Format Version 12.00
# Visual Studio Version 16
VisualStudioVersion = 16.0.30204.135
MinimumVisualStudioVersion = 10.0.40219.1
Project("{FAE04EC0-301F-11D3-BF4B-00C04F79EFBC}") = "WebApplicationExample", "WebApplicationExample\WebApplicationExample.csproj", "{B14BA6F5-74A8-473A-8C33-AB75B83E955E}"
EndProject
Project("{FAE04EC0-301F-11D3-BF4B-00C04F79EFBC}") = "MyDoctor", "MyDoctor\MyDoctor.csproj", "{6FD0FFED-91DD-488A-BDBA-45FACA186FE8}"
EndProject
Global
	GlobalSection(SolutionConfigurationPlatforms) = preSolution
		Debug|Any CPU = Debug|Any CPU
		Release|Any CPU = Release|Any CPU
	EndGlobalSection
	GlobalSection(ProjectConfigurationPlatforms) = postSolution
		{B14BA6F5-74A8-473A-8C33-AB75B83E955E}.Debug|Any CPU.ActiveCfg = Debug|Any CPU
		{B14BA6F5-74A8-473A-8C33-AB75B83E955E}.Debug|Any CPU.Build.0 = Debug|Any CPU
		{B14BA6F5-74A8-473A-8C33-AB75B83E955E}.Release|Any CPU.ActiveCfg = Release|Any CPU
		{B14BA6F5-74A8-473A-8C33-AB75B83E955E}.Release|Any CPU.Build.0 = Release|Any CPU
		{6FD0FFED-91DD-488A-BDBA-45FACA186FE8}.Debug|Any CPU.ActiveCfg = Debug|Any CPU
		{6FD0FFED-91DD-488A-BDBA-45FACA186FE8}.Debug|Any CPU.Build.0 = Debug|Any CPU
		{6FD0FFED-91DD-488A-BDBA-45FACA186FE8}.Release|Any CPU.ActiveCfg = Release|Any CPU
		{6FD0FFED-91DD-488A-BDBA-45FACA186FE8}.Release|Any CPU.Build.0 = Release|Any CPU
	EndGlobalSection
	GlobalSection(SolutionProperties) = preSolution
		HideSolutionNode = FALSE
	EndGlobalSection
	GlobalSection(ExtensibilityGlobals) = postSolution
		SolutionGuid = {30BFFB81-82FC-4184-8D1B-D31112A10822}
	EndGlobalSection
EndGlobal
